
Microsoft Visual Studio Solution File, Format Version 12.00
# Visual Studio Version 17
VisualStudioVersion = 17.5.002.0
MinimumVisualStudioVersion = 10.0.40219.1
Project("{9A19103F-16F7-4668-BE54-9A1E7A4F7556}") = "task1", "task1.csproj", "{EE8CCB59-4D6A-41A3-94DE-827B2B96AAAE}"
EndProject
Global
	GlobalSection(SolutionConfigurationPlatforms) = preSolution
		Debug|Any CPU = Debug|Any CPU
		Release|Any CPU = Release|Any CPU
	EndGlobalSection
	GlobalSection(ProjectConfigurationPlatforms) = postSolution
		{EE8CCB59-4D6A-41A3-94DE-827B2B96AAAE}.Debug|Any CPU.ActiveCfg = Debug|Any CPU
		{EE8CCB59-4D6A-41A3-94DE-827B2B96AAAE}.Debug|Any CPU.Build.0 = Debug|Any CPU
		{EE8CCB59-4D6A-41A3-94DE-827B2B96AAAE}.Release|Any CPU.ActiveCfg = Release|Any CPU
		{EE8CCB59-4D6A-41A3-94DE-827B2B96AAAE}.Release|Any CPU.Build.0 = Release|Any CPU
	EndGlobalSection
	GlobalSection(SolutionProperties) = preSolution
		HideSolutionNode = FALSE
	EndGlobalSection
	GlobalSection(ExtensibilityGlobals) = postSolution
		SolutionGuid = {9DF24645-425B-49D7-9A7C-DA621E0DA649}
	EndGlobalSection
EndGlobal
